
Microsoft Visual Studio Solution File, Format Version 12.00
# Visual Studio Version 17
VisualStudioVersion = 17.2.32802.462
MinimumVisualStudioVersion = 10.0.40219.1
Project("{FAE04EC0-301F-11D3-BF4B-00C04F79EFBC}") = "TestTimezonePerformance.Xamarin", "TestTimezonePerformance.Xamarin\TestTimezonePerformance.Xamarin.csproj", "{B37704E0-AB20-4CC6-BADA-C20F59BF3045}"
EndProject
Project("{9A19103F-16F7-4668-BE54-9A1E7A4F7556}") = "TestTimezonePerformance.AndroidAppNet7", "TestTimezonePerformance.AndroidAppNet7\TestTimezonePerformance.AndroidAppNet7.csproj", "{76276B25-2245-472D-9D8B-1C153136FB6C}"
EndProject
Global
	GlobalSection(SolutionConfigurationPlatforms) = preSolution
		Debug|Any CPU = Debug|Any CPU
		Release|Any CPU = Release|Any CPU
	EndGlobalSection
	GlobalSection(ProjectConfigurationPlatforms) = postSolution
		{B37704E0-AB20-4CC6-BADA-C20F59BF3045}.Debug|Any CPU.ActiveCfg = Debug|Any CPU
		{B37704E0-AB20-4CC6-BADA-C20F59BF3045}.Debug|Any CPU.Build.0 = Debug|Any CPU
		{B37704E0-AB20-4CC6-BADA-C20F59BF3045}.Debug|Any CPU.Deploy.0 = Debug|Any CPU
		{B37704E0-AB20-4CC6-BADA-C20F59BF3045}.Release|Any CPU.ActiveCfg = Release|Any CPU
		{B37704E0-AB20-4CC6-BADA-C20F59BF3045}.Release|Any CPU.Build.0 = Release|Any CPU
		{B37704E0-AB20-4CC6-BADA-C20F59BF3045}.Release|Any CPU.Deploy.0 = Release|Any CPU
		{76276B25-2245-472D-9D8B-1C153136FB6C}.Debug|Any CPU.ActiveCfg = Debug|Any CPU
		{76276B25-2245-472D-9D8B-1C153136FB6C}.Debug|Any CPU.Build.0 = Debug|Any CPU
		{76276B25-2245-472D-9D8B-1C153136FB6C}.Debug|Any CPU.Deploy.0 = Debug|Any CPU
		{76276B25-2245-472D-9D8B-1C153136FB6C}.Release|Any CPU.ActiveCfg = Release|Any CPU
		{76276B25-2245-472D-9D8B-1C153136FB6C}.Release|Any CPU.Build.0 = Release|Any CPU
		{76276B25-2245-472D-9D8B-1C153136FB6C}.Release|Any CPU.Deploy.0 = Release|Any CPU
	EndGlobalSection
	GlobalSection(SolutionProperties) = preSolution
		HideSolutionNode = FALSE
	EndGlobalSection
	GlobalSection(ExtensibilityGlobals) = postSolution
		SolutionGuid = {54439624-884C-4501-BEED-D6E32036AD76}
	EndGlobalSection
EndGlobal
